{
    "_readme": [
        "This file locks the dependencies of your project to a known state",
        "Read more about it at https://getcomposer.org/doc/01-basic-usage.md#installing-dependencies",
        "This file is @generated automatically"
    ],
    "content-hash": "b2c15add99bb514119b2a38de2896577",
    "packages": [
        {
            "name": "evp/money",
            "version": "1.6.2",
            "source": {
                "type": "git",
                "url": "https://github.com/paysera/lib-money.git",
                "reference": "3c220c32a3408786de8376c410b437d9bbb7ed67",
                "mirrors": [
                    {
                        "url": "toran.dev.lan/mirrors/%package%/%normalizedUrl%.%type%",
                        "preferred": true
                    }
                ]
            },
            "dist": {
                "type": "zip",
                "url": "https://api.github.com/repos/paysera/lib-money/zipball/3c220c32a3408786de8376c410b437d9bbb7ed67",
                "reference": "3c220c32a3408786de8376c410b437d9bbb7ed67",
                "shasum": "",
                "mirrors": [
                    {
                        "url": "https://toran.dev.lan/repo/packagist/dists/%package%/%version%/%reference%.%type%",
                        "preferred": true
                    }
                ]
            },
            "require": {
                "maba/monetary": "^0.9"
            },
            "require-dev": {
                "phpunit/phpunit": "~4.8"
            },
            "suggest": {
                "paysera/lib-serializer": "Allows to Serialize/Deserialize Money objects"
            },
            "type": "library",
            "autoload": {
                "psr-0": {
                    "Evp\\Component\\Money": "src/"
                }
            },
            "notification-url": "https://packagist.org/downloads/",
            "description": "Money library",
            "time": "2018-05-07T08:03:13+00:00"
        },
        {
            "name": "maba/math",
            "version": "v1.0.1",
            "source": {
                "type": "git",
                "url": "https://github.com/mariusbalcytis/math.git",
                "reference": "f2f239d035f8666332c15d040e3de6ad3e6c3db6",
                "mirrors": [
                    {
                        "url": "toran.dev.lan/mirrors/%package%/%normalizedUrl%.%type%",
                        "preferred": true
                    }
                ]
            },
            "dist": {
                "type": "zip",
                "url": "https://api.github.com/repos/mariusbalcytis/math/zipball/f2f239d035f8666332c15d040e3de6ad3e6c3db6",
                "reference": "f2f239d035f8666332c15d040e3de6ad3e6c3db6",
                "shasum": "",
                "mirrors": [
                    {
                        "url": "https://toran.dev.lan/repo/packagist/dists/%package%/%version%/%reference%.%type%",
                        "preferred": true
                    }
                ]
            },
            "require": {
                "php": ">=5.3.2"
            },
            "require-dev": {
                "ext-bcmath": "*",
                "phpunit/phpunit": "~4.0"
            },
            "suggest": {
                "ext-bcmath": "*"
            },
            "type": "library",
            "extra": {
                "branch-alias": {
                    "dev-master": "1.0.x-dev"
                }
            },
            "autoload": {
                "psr-4": {
                    "Maba\\Component\\Math\\": ""
                }
            },
            "notification-url": "https://packagist.org/downloads/",
            "license": [
                "MIT"
            ],
            "authors": [
                {
                    "name": "Marius Balčytis",
                    "email": "marius.balcytis@gmail.com"
                }
            ],
            "description": "PHP library for arbitrary precision mathematics",
            "keywords": [
                "bcmath",
                "math",
                "mathematics"
            ],
            "time": "2014-09-20T19:37:26+00:00"
        },
        {
            "name": "maba/monetary",
            "version": "0.9.2",
            "source": {
                "type": "git",
                "url": "https://github.com/mariusbalcytis/monetary.git",
                "reference": "a7ac987605cb60ba6ff4356ea7fb1b6d80ab3226",
                "mirrors": [
                    {
                        "url": "toran.dev.lan/mirrors/%package%/%normalizedUrl%.%type%",
                        "preferred": true
                    }
                ]
            },
            "dist": {
                "type": "zip",
                "url": "https://api.github.com/repos/mariusbalcytis/monetary/zipball/a7ac987605cb60ba6ff4356ea7fb1b6d80ab3226",
                "reference": "a7ac987605cb60ba6ff4356ea7fb1b6d80ab3226",
                "shasum": "",
                "mirrors": [
                    {
                        "url": "https://toran.dev.lan/repo/packagist/dists/%package%/%version%/%reference%.%type%",
                        "preferred": true
                    }
                ]
            },
            "require": {
                "maba/math": "^1.0.0",
                "php": ">=5.3.2"
            },
            "require-dev": {
                "phpunit/phpunit": "~4.0",
                "satooshi/php-coveralls": "^0.6.1"
            },
            "type": "library",
            "autoload": {
                "psr-4": {
                    "Maba\\Component\\Monetary\\": "src",
                    "Maba\\Component\\Monetary\\Tests\\": "test"
                }
            },
            "notification-url": "https://packagist.org/downloads/",
            "license": [
                "MIT"
            ],
            "authors": [
                {
                    "name": "Marius Balčytis",
                    "email": "marius.balcytis@gmail.com"
                }
            ],
            "description": "PHP library for money operations",
            "keywords": [
                "currency",
                "monetary",
                "money",
                "money calculations",
                "money operations"
            ],
            "time": "2016-09-07T15:33:01+00:00"
        }
    ],
    "packages-dev": [
        {
            "name": "doctrine/inflector",
            "version": "v1.3.0",
            "source": {
                "type": "git",
                "url": "https://github.com/doctrine/inflector.git",
                "reference": "5527a48b7313d15261292c149e55e26eae771b0a",
                "mirrors": [
                    {
                        "url": "toran.dev.lan/mirrors/%package%/%normalizedUrl%.%type%",
                        "preferred": true
                    }
                ]
            },
            "dist": {
                "type": "zip",
                "url": "https://api.github.com/repos/doctrine/inflector/zipball/5527a48b7313d15261292c149e55e26eae771b0a",
                "reference": "5527a48b7313d15261292c149e55e26eae771b0a",
                "shasum": "",
                "mirrors": [
                    {
                        "url": "https://toran.dev.lan/repo/packagist/dists/%package%/%version%/%reference%.%type%",
                        "preferred": true
                    }
                ]
            },
            "require": {
                "php": "^7.1"
            },
            "require-dev": {
                "phpunit/phpunit": "^6.2"
            },
            "type": "library",
            "extra": {
                "branch-alias": {
                    "dev-master": "1.3.x-dev"
                }
            },
            "autoload": {
                "psr-4": {
                    "Doctrine\\Common\\Inflector\\": "lib/Doctrine/Common/Inflector"
                }
            },
            "notification-url": "https://packagist.org/downloads/",
            "license": [
                "MIT"
            ],
            "authors": [
                {
                    "name": "Roman Borschel",
                    "email": "roman@code-factory.org"
                },
                {
                    "name": "Benjamin Eberlei",
                    "email": "kontakt@beberlei.de"
                },
                {
                    "name": "Guilherme Blanco",
                    "email": "guilhermeblanco@gmail.com"
                },
                {
                    "name": "Jonathan Wage",
                    "email": "jonwage@gmail.com"
                },
                {
                    "name": "Johannes Schmitt",
                    "email": "schmittjoh@gmail.com"
                }
            ],
            "description": "Common String Manipulations with regard to casing and singular/plural rules.",
            "homepage": "http://www.doctrine-project.org",
            "keywords": [
                "inflection",
                "pluralize",
                "singularize",
                "string"
            ],
            "time": "2018-01-09T20:05:19+00:00"
        },
        {
            "name": "paysera/lib-arcanist-php-cs-extension",
            "version": "1.3.1",
            "source": {
                "type": "git",
                "url": "https://github.com/paysera/lib-arcanist-php-cs-extension.git",
                "reference": "61fc0aa351bb346e452beab3e97581f855878713",
                "mirrors": [
                    {
                        "url": "toran.dev.lan/mirrors/%package%/%normalizedUrl%.%type%",
                        "preferred": true
                    }
                ]
            },
            "dist": {
                "type": "zip",
                "url": "https://api.github.com/repos/paysera/lib-arcanist-php-cs-extension/zipball/61fc0aa351bb346e452beab3e97581f855878713",
                "reference": "61fc0aa351bb346e452beab3e97581f855878713",
                "shasum": "",
                "mirrors": [
                    {
                        "url": "https://toran.dev.lan/repo/packagist/dists/%package%/%version%/%reference%.%type%",
                        "preferred": true
                    }
                ]
            },
            "require": {
                "php": "^5.5 || ^7.0",
                "ptlis/diff-parser": "^0.6.0"
            },
            "require-dev": {
                "composer/composer": "^1.4",
                "friendsofphp/php-cs-fixer": "^2.2",
                "phacility/arcanist": "dev-master#5eda40337bb4135ca4929617602686302edc7cc0",
                "phacility/libphutil": "dev-master#276f6d304b69767d48f88f65484ce310ee2cf3af",
                "phpunit/phpunit": "^5.0"
            },
            "type": "library",
            "autoload": {
                "psr-4": {
                    "Paysera\\Composer\\": "composer/"
                },
                "classmap": [
                    "src/"
                ]
            },
            "notification-url": "https://packagist.org/downloads/",
            "description": "Php Cs Fixer arcanist extension",
            "time": "2018-07-09T15:24:08+00:00"
        },
        {
            "name": "paysera/lib-php-cs-fixer-config",
            "version": "1.7.6",
            "source": {
                "type": "git",
                "url": "https://github.com/paysera/lib-php-cs-fixer-config.git",
                "reference": "f0df46dedc0a4e5ea16732f43aa8a71feecf3978",
                "mirrors": [
                    {
                        "url": "toran.dev.lan/mirrors/%package%/%normalizedUrl%.%type%",
                        "preferred": true
                    }
                ]
            },
            "dist": {
                "type": "zip",
                "url": "https://api.github.com/repos/paysera/lib-php-cs-fixer-config/zipball/f0df46dedc0a4e5ea16732f43aa8a71feecf3978",
                "reference": "f0df46dedc0a4e5ea16732f43aa8a71feecf3978",
                "shasum": "",
                "mirrors": [
                    {
                        "url": "https://toran.dev.lan/repo/packagist/dists/%package%/%version%/%reference%.%type%",
                        "preferred": true
                    }
                ]
            },
            "require": {
                "doctrine/inflector": "^1.0",
                "php": "^7.0"
            },
            "require-dev": {
                "friendsofphp/php-cs-fixer": "2.11.1",
                "gecko-packages/gecko-php-unit": "^2.0",
                "phpunit/phpunit": "^5.0"
            },
            "suggest": {
                "paysera/lib-arcanist-php-cs-extension": "Integrates PHP CS Fixer into arcanist workflow"
            },
            "type": "library",
            "autoload": {
                "psr-4": {
                    "Paysera\\PhpCsFixerConfig\\Composer\\": "composer",
                    "Paysera\\PhpCsFixerConfig\\Config\\": "config",
                    "Paysera\\PhpCsFixerConfig\\": "src"
                }
            },
            "notification-url": "https://packagist.org/downloads/",
            "description": "PHP CS Fixer config for Paysera conventions",
            "time": "2018-07-04T13:26:20+00:00"
        },
        {
            "name": "ptlis/diff-parser",
            "version": "v0.6.0",
            "source": {
                "type": "git",
                "url": "https://github.com/ptlis/diff-parser.git",
                "reference": "6b2a8ab640faeb4cc57cde533612459b00fcbe21",
                "mirrors": [
                    {
                        "url": "toran.dev.lan/mirrors/%package%/%normalizedUrl%.%type%",
                        "preferred": true
                    }
                ]
            },
            "dist": {
                "type": "zip",
                "url": "https://api.github.com/repos/ptlis/diff-parser/zipball/6b2a8ab640faeb4cc57cde533612459b00fcbe21",
                "reference": "6b2a8ab640faeb4cc57cde533612459b00fcbe21",
                "shasum": "",
                "mirrors": [
                    {
                        "url": "https://toran.dev.lan/repo/packagist/dists/%package%/%version%/%reference%.%type%",
                        "preferred": true
                    }
                ]
            },
            "require": {
                "php": ">=5.3.0"
            },
            "require-dev": {
                "pdepend/pdepend": "~1.1",
                "phploc/phploc": "~2.0",
                "phpmd/phpmd": "@dev",
                "phpunit/phpunit": "~4.0",
                "sebastian/phpcpd": "~2.0",
                "squizlabs/php_codesniffer": "~1.5"
            },
            "type": "library",
            "autoload": {
                "psr-4": {
                    "ptlis\\DiffParser\\": "src/",
                    "ptlis\\DiffParser\\Test\\": "tests/"
                }
            },
            "notification-url": "https://packagist.org/downloads/",
            "license": [
                "MIT"
            ],
            "authors": [
                {
                    "name": "brian ridley",
                    "email": "ptlis@ptlis.net"
                }
            ],
            "description": "A parser for unified diff files, returning a hydrated object graph.",
            "keywords": [
                "diff",
                "parser",
                "unified-diff"
            ],
            "time": "2017-02-23T23:16:26+00:00"
        },
        {
            "name": "squizlabs/php_codesniffer",
            "version": "3.3.0",
            "source": {
                "type": "git",
                "url": "https://github.com/squizlabs/PHP_CodeSniffer.git",
                "reference": "d86873af43b4aa9d1f39a3601cc0cfcf02b25266",
                "mirrors": [
                    {
                        "url": "toran.dev.lan/mirrors/%package%/%normalizedUrl%.%type%",
                        "preferred": true
                    }
                ]
            },
            "dist": {
                "type": "zip",
                "url": "https://api.github.com/repos/squizlabs/PHP_CodeSniffer/zipball/d86873af43b4aa9d1f39a3601cc0cfcf02b25266",
                "reference": "d86873af43b4aa9d1f39a3601cc0cfcf02b25266",
                "shasum": "",
                "mirrors": [
                    {
                        "url": "https://toran.dev.lan/repo/packagist/dists/%package%/%version%/%reference%.%type%",
                        "preferred": true
                    }
                ]
            },
            "require": {
                "ext-simplexml": "*",
                "ext-tokenizer": "*",
                "ext-xmlwriter": "*",
                "php": ">=5.4.0"
            },
            "require-dev": {
                "phpunit/phpunit": "^4.0 || ^5.0 || ^6.0 || ^7.0"
            },
            "bin": [
                "bin/phpcs",
                "bin/phpcbf"
            ],
            "type": "library",
            "extra": {
                "branch-alias": {
                    "dev-master": "3.x-dev"
                }
            },
            "notification-url": "https://packagist.org/downloads/",
            "license": [
                "BSD-3-Clause"
            ],
            "authors": [
                {
                    "name": "Greg Sherwood",
                    "role": "lead"
                }
            ],
            "description": "PHP_CodeSniffer tokenizes PHP, JavaScript and CSS files and detects violations of a defined set of coding standards.",
            "homepage": "http://www.squizlabs.com/php-codesniffer",
            "keywords": [
                "phpcs",
                "standards"
            ],
            "time": "2018-06-06T23:58:19+00:00"
        }
    ],
    "aliases": [],
    "minimum-stability": "stable",
    "stability-flags": [],
    "prefer-stable": false,
    "prefer-lowest": false,
    "platform": {
        "php": "^7.0",
        "ext-json": "*"
    },
    "platform-dev": []
}
